<?xml version="1.0" encoding="UTF-8" standalone="yes" ?>
<CodeBlocks_project_file>
	<FileVersion major="1" minor="6" />
	<Project>
		<Option title="Nodes" />
		<Option pch_mode="2" />
		<Option compiler="gcc" />
		<Build>
			<Target title="EE_BIN">
				<Option output="out/Nodes" prefix_auto="1" extension_auto="1" />
				<Option working_dir="" />
				<Option object_output="out/" />
				<Option type="2" />
				<Option compiler="gcc" />
				<Option createDefFile="1" />
				<Compiler>
					<Add option="-Wall" />
					<Add option="-O2" />
				</Compiler>
				<Linker>
					<Add option="-s" />
				</Linker>
			</Target>
		</Build>
		<Unit filename="Nodes.c">
			<Option compilerVar="CC" />
		</Unit>
		<Unit filename="Nodes.h" />
		<Extensions>
			<code_completion />
			<envvars />
			<debugger />
			<lib_finder disable_auto="1" />
		</Extensions>
	</Project>
</CodeBlocks_project_file>
